
Microsoft Visual Studio Solution File, Format Version 12.00
# Visual Studio Version 17
VisualStudioVersion = 17.0.31903.59
MinimumVisualStudioVersion = 10.0.40219.1
Project("{9A19103F-16F7-4668-BE54-9A1E7A4F7556}") = "LatestFilingsEventPublisher", "src\LatestFilingsEventPublisher\LatestFilingsEventPublisher.csproj", "{A07472E6-FCEB-4D4C-B7B7-DAA19B7734CE}"
EndProject
Project("{9A19103F-16F7-4668-BE54-9A1E7A4F7556}") = "LatestFilingsEventPublisher.Tests", "test\LatestFilingsEventPublisher.Tests\LatestFilingsEventPublisher.Tests.csproj", "{9A46B2C7-0905-457F-B147-37C20027D444}"
EndProject
Project("{2150E333-8FDC-42A3-9474-1A3956D46DE8}") = "SolutionItems", "SolutionItems", "{461D2225-B778-43D7-B603-DA4A02228374}"
	ProjectSection(SolutionItems) = preProject
		README.md = README.md
	EndProjectSection
EndProject
Global
	GlobalSection(SolutionConfigurationPlatforms) = preSolution
		Debug|Any CPU = Debug|Any CPU
		Release|Any CPU = Release|Any CPU
	EndGlobalSection
	GlobalSection(ProjectConfigurationPlatforms) = postSolution
		{A07472E6-FCEB-4D4C-B7B7-DAA19B7734CE}.Debug|Any CPU.ActiveCfg = Debug|Any CPU
		{A07472E6-FCEB-4D4C-B7B7-DAA19B7734CE}.Debug|Any CPU.Build.0 = Debug|Any CPU
		{A07472E6-FCEB-4D4C-B7B7-DAA19B7734CE}.Release|Any CPU.ActiveCfg = Release|Any CPU
		{A07472E6-FCEB-4D4C-B7B7-DAA19B7734CE}.Release|Any CPU.Build.0 = Release|Any CPU
		{9A46B2C7-0905-457F-B147-37C20027D444}.Debug|Any CPU.ActiveCfg = Debug|Any CPU
		{9A46B2C7-0905-457F-B147-37C20027D444}.Debug|Any CPU.Build.0 = Debug|Any CPU
		{9A46B2C7-0905-457F-B147-37C20027D444}.Release|Any CPU.ActiveCfg = Release|Any CPU
		{9A46B2C7-0905-457F-B147-37C20027D444}.Release|Any CPU.Build.0 = Release|Any CPU
	EndGlobalSection
	GlobalSection(SolutionProperties) = preSolution
		HideSolutionNode = FALSE
	EndGlobalSection
EndGlobal
